<?xml version="1.0" encoding="utf-8"?>
<Project ToolsVersion="4.0" xmlns="http://schemas.microsoft.com/developer/msbuild/2003">
  <ItemGroup>
    <Filter Include="Algorithms">
      <UniqueIdentifier>{0744e649-3b08-483d-94ef-1596975d6711}</UniqueIdentifier>
    </Filter>
    <Filter Include="Main">
      <UniqueIdentifier>{83297711-2ed9-4535-9508-9934cdd39f8a}</UniqueIdentifier>
    </Filter>
    <Filter Include="General">
      <UniqueIdentifier>{7f608064-fd9d-432d-ad4e-18535c003e40}</UniqueIdentifier>
    </Filter>
    <Filter Include="CppExamples">
      <UniqueIdentifier>{fbd8218f-5839-4d64-8b5b-22f37440c3b9}</UniqueIdentifier>
    </Filter>
  </ItemGroup>
  <ItemGroup>
    <ClInclude Include="stdafx.h">
      <Filter>Main</Filter>
    </ClInclude>
    <ClInclude Include="targetver.h">
      <Filter>Main</Filter>
    </ClInclude>
    <ClInclude Include="AlgorithmLinkedList.h">
      <Filter>Algorithms</Filter>
    </ClInclude>
    <ClInclude Include="AlgorithmSorting.h">
      <Filter>Algorithms</Filter>
    </ClInclude>
    <ClInclude Include="AlgorithmBase.h">
      <Filter>Algorithms</Filter>
    </ClInclude>
    <ClInclude Include="CppExamples.h">
      <Filter>CppExamples</Filter>
    </ClInclude>
  </ItemGroup>
  <ItemGroup>
    <ClCompile Include="CppPractice.cpp">
      <Filter>Main</Filter>
    </ClCompile>
    <ClCompile Include="stdafx.cpp">
      <Filter>Main</Filter>
    </ClCompile>
    <ClCompile Include="AlgorithmLinkedList.cpp">
      <Filter>Algorithms</Filter>
    </ClCompile>
    <ClCompile Include="AlgorithmSorting.cpp">
      <Filter>Algorithms</Filter>
    </ClCompile>
    <ClCompile Include="CppExamples.cpp">
      <Filter>CppExamples</Filter>
    </ClCompile>
  </ItemGroup>
</Project>