
Microsoft Visual Studio Solution File, Format Version 12.00
# Visual Studio 2012
Project("{8BC9CEB8-8B4A-11D0-8D11-00A0C91BC942}") = "CppPractice", "CppPractice.vcxproj", "{F14F8903-1C66-46D2-9826-C48429640EB5}"
EndProject
Global
	GlobalSection(SolutionConfigurationPlatforms) = preSolution
		Debug|Win32 = Debug|Win32
		Release|Win32 = Release|Win32
	EndGlobalSection
	GlobalSection(ProjectConfigurationPlatforms) = postSolution
		{F14F8903-1C66-46D2-9826-C48429640EB5}.Debug|Win32.ActiveCfg = Debug|Win32
		{F14F8903-1C66-46D2-9826-C48429640EB5}.Debug|Win32.Build.0 = Debug|Win32
		{F14F8903-1C66-46D2-9826-C48429640EB5}.Release|Win32.ActiveCfg = Release|Win32
		{F14F8903-1C66-46D2-9826-C48429640EB5}.Release|Win32.Build.0 = Release|Win32
	EndGlobalSection
	GlobalSection(SolutionProperties) = preSolution
		HideSolutionNode = FALSE
	EndGlobalSection
EndGlobal
