<?xml version="1.0" encoding="UTF-8" standalone="yes" ?>
<CodeBlocks_project_file>
	<FileVersion major="1" minor="6" />
	<Project>
		<Option title="CppPractice" />
		<Option pch_mode="2" />
		<Option compiler="gcc" />
		<Build>
			<Target title="Debug">
				<Option output="bin/Debug/CppPractice" prefix_auto="1" extension_auto="1" />
				<Option object_output="obj/Debug/" />
				<Option type="1" />
				<Option compiler="gcc" />
				<Compiler>
					<Add option="-g" />
				</Compiler>
			</Target>
			<Target title="Release">
				<Option output="bin/Release/CppPractice" prefix_auto="1" extension_auto="1" />
				<Option object_output="obj/Release/" />
				<Option type="1" />
				<Option compiler="gcc" />
				<Compiler>
					<Add option="-O2" />
				</Compiler>
				<Linker>
					<Add option="-s" />
				</Linker>
			</Target>
		</Build>
		<Compiler>
			<Add option="-Wall" />
			<Add option="-fexceptions" />
		</Compiler>
		<Unit filename="AlgorithmBase.h" />
		<Unit filename="AlgorithmLinkedList.cpp" />
		<Unit filename="AlgorithmLinkedList.h" />
		<Unit filename="AlgorithmQueue.cpp" />
		<Unit filename="AlgorithmQueue.h" />
		<Unit filename="AlgorithmSearching.cpp" />
		<Unit filename="AlgorithmSearching.h" />
		<Unit filename="AlgorithmSorting.cpp" />
		<Unit filename="AlgorithmSorting.h" />
		<Unit filename="AlgorithmStack.cpp" />
		<Unit filename="AlgorithmStack.h" />
		<Unit filename="AlgorithmTree.cpp" />
		<Unit filename="AlgorithmTree.h" />
		<Unit filename="Common.h" />
		<Unit filename="CppExamples.cpp" />
		<Unit filename="CppExamples.h" />
		<Unit filename="LC020101RemoveDuplicatesFromSortedArray026.h" />
		<Unit filename="LC020102RemoveDuplicatesFromSortedArrayII080.h" />
		<Unit filename="LC020103SearchInRotatedSortedArray033.h" />
		<Unit filename="LC020104SearchInRotatedSortedArrayII081.h" />
		<Unit filename="LC020105MedianOfTwoSortedArrays_004.h" />
		<Unit filename="LC020106LongestConsecutiveSequence.h" />
		<Unit filename="LC020107TwoSum.h" />
		<Unit filename="LC020108ThreeSum.h" />
		<Unit filename="LC020109ThreeSumClosest.h" />
		<Unit filename="LC020110FourSum.h" />
		<Unit filename="LC020111RemoveElement.h" />
		<Unit filename="LC020112NextPermutation.h" />
		<Unit filename="LC020113PermutationSequence.h" />
		<Unit filename="LC020114ValidSudoku.h" />
		<Unit filename="LC020115TrappingRainWater.h" />
		<Unit filename="LC020116RotatImage.h" />
		<Unit filename="LC020201AddTwoNumbers.h" />
		<Unit filename="LC020207RemoveNthNodeFromEndOfList.h" />
		<Unit filename="LC020211LinkedListCycle.h" />
		<Unit filename="LC0301ValidPalindrome.h" />
		<Unit filename="LC0303StringToIntegeratoi008.h" />
		<Unit filename="LC050101BinaryTreePreorderTraversal.h" />
		<Unit filename="LC0602MergeTwoSortedList.h" />
		<Unit filename="LC1102Sqrt.h" />
		<Unit filename="LC1501ReverseInteger.h" />
		<Unit filename="LCChapter10.h" />
		<Unit filename="LCChapter11.h" />
		<Unit filename="LCChapter12.h" />
		<Unit filename="LCChapter13.h" />
		<Unit filename="LCChapter14.h" />
		<Unit filename="LCChapter15.h" />
		<Unit filename="LCChapter2.h" />
		<Unit filename="LCChapter3.h" />
		<Unit filename="LCChapter4.h" />
		<Unit filename="LCChapter5.h" />
		<Unit filename="LCChapter6.h" />
		<Unit filename="LCChapter7.h" />
		<Unit filename="LCChapter8.h" />
		<Unit filename="LCChapter9.h" />
		<Unit filename="LCReverseLinkedList.h" />
		<Unit filename="LCReverseWordsInAString.h" />
		<Unit filename="main.cpp" />
		<Extensions>
			<code_completion />
			<envvars />
			<debugger />
		</Extensions>
	</Project>
</CodeBlocks_project_file>
